PODS:
  - Flutter (1.0.0)
  - fluttertoast (0.0.2):
    - Flutter
  - FMDB (2.7.5):
    - FMDB/standard (= 2.7.5)
  - FMDB/standard (2.7.5)
  - image_gallery_saver (0.0.1):
    - Flutter
  - path_provider (0.0.1):
    - Flutter
  - path_provider_macos (0.0.1):
    - Flutter
  - "permission_handler (4.4.0+hotfix.4)":
    - Flutter
  - sqflite (0.0.1):
    - Flutter
    - FMDB (~> 2.7.2)
  - url_launcher (0.0.1):
    - Flutter
  - url_launcher_macos (0.0.1):
    - Flutter
  - url_launcher_web (0.0.1):
    - Flutter

DEPENDENCIES:
  - Flutter (from `Flutter`)
  - fluttertoast (from `.symlinks/plugins/fluttertoast/ios`)
  - image_gallery_saver (from `.symlinks/plugins/image_gallery_saver/ios`)
  - path_provider (from `.symlinks/plugins/path_provider/ios`)
  - path_provider_macos (from `.symlinks/plugins/path_provider_macos/ios`)
  - permission_handler (from `.symlinks/plugins/permission_handler/ios`)
  - sqflite (from `.symlinks/plugins/sqflite/ios`)
  - url_launcher (from `.symlinks/plugins/url_launcher/ios`)
  - url_launcher_macos (from `.symlinks/plugins/url_launcher_macos/ios`)
  - url_launcher_web (from `.symlinks/plugins/url_launcher_web/ios`)

SPEC REPOS:
  trunk:
    - FMDB

EXTERNAL SOURCES:
  Flutter:
    :path: Flutter
  fluttertoast:
    :path: ".symlinks/plugins/fluttertoast/ios"
  image_gallery_saver:
    :path: ".symlinks/plugins/image_gallery_saver/ios"
  path_provider:
    :path: ".symlinks/plugins/path_provider/ios"
  path_provider_macos:
    :path: ".symlinks/plugins/path_provider_macos/ios"
  permission_handler:
    :path: ".symlinks/plugins/permission_handler/ios"
  sqflite:
    :path: ".symlinks/plugins/sqflite/ios"
  url_launcher:
    :path: ".symlinks/plugins/url_launcher/ios"
  url_launcher_macos:
    :path: ".symlinks/plugins/url_launcher_macos/ios"
  url_launcher_web:
    :path: ".symlinks/plugins/url_launcher_web/ios"

SPEC CHECKSUMS:
  Flutter: 0e3d915762c693b495b44d77113d4970485de6ec
  fluttertoast: b644586ef3b16f67fae9a1f8754cef6b2d6b634b
  FMDB: 2ce00b547f966261cd18927a3ddb07cb6f3db82a
  image_gallery_saver: 73b3cd8ad9c950c739878af9c311744d1bf5405d
  path_provider: fb74bd0465e96b594bb3b5088ee4a4e7bb1f2a9d
  path_provider_macos: f760a3c5b04357c380e2fddb6f9db6f3015897e0
  permission_handler: 8278954f2382902f63f00dd8828769c0bd6d511b
  sqflite: 4001a31ff81d210346b500c55b17f4d6c7589dd0
  url_launcher: a1c0cc845906122c4784c542523d8cacbded5626
  url_launcher_macos: fd7894421cd39320dce5f292fc99ea9270b2a313
  url_launcher_web: e5527357f037c87560776e36436bf2b0288b965c

PODFILE CHECKSUM: c34e2287a9ccaa606aeceab922830efb9a6ff69a

COCOAPODS: 1.9.3
